// !$*UTF8*$!
{
	archiveVersion = 1;
	classes = {
	};
	objectVersion = 52;
	objects = {

/* Begin PBXBuildFile section */
		900C634E257D5C1F005841F4 /* AppDelegate.swift in Sources */ = {isa = PBXBuildFile; fileRef = 900C634D257D5C1F005841F4 /* AppDelegate.swift */; };
		900C6350257D5C1F005841F4 /* SceneDelegate.swift in Sources */ = {isa = PBXBuildFile; fileRef = 900C634F257D5C1F005841F4 /* SceneDelegate.swift */; };
		900C6352257D5C1F005841F4 /* SplashViewController.swift in Sources */ = {isa = PBXBuildFile; fileRef = 900C6351257D5C1F005841F4 /* SplashViewController.swift */; };
		900C6355257D5C1F005841F4 /* Main.storyboard in Resources */ = {isa = PBXBuildFile; fileRef = 900C6353257D5C1F005841F4 /* Main.storyboard */; };
		900C635A257D5C20005841F4 /* LaunchScreen.storyboard in Resources */ = {isa = PBXBuildFile; fileRef = 900C6358257D5C20005841F4 /* LaunchScreen.storyboard */; };
		900C6363257D5CC5005841F4 /* SuperHeroes.json in Resources */ = {isa = PBXBuildFile; fileRef = 900C6362257D5CC5005841F4 /* SuperHeroes.json */; };
		900C6366257D5D97005841F4 /* SuperHeroModel.swift in Sources */ = {isa = PBXBuildFile; fileRef = 900C6365257D5D97005841F4 /* SuperHeroModel.swift */; };
		900C637E257D735D005841F4 /* wallpaper-superheroes-marvel&dc.jpg in Resources */ = {isa = PBXBuildFile; fileRef = 900C637D257D735D005841F4 /* wallpaper-superheroes-marvel&dc.jpg */; };
		900C6382257D74F6005841F4 /* Assets.xcassets in Resources */ = {isa = PBXBuildFile; fileRef = 900C6381257D74F6005841F4 /* Assets.xcassets */; };
		901ED1BF2580089200E5F6A8 /* AllSuperHeroesViewController.swift in Sources */ = {isa = PBXBuildFile; fileRef = 901ED1BE2580089200E5F6A8 /* AllSuperHeroesViewController.swift */; };
		901ED1C325800A4B00E5F6A8 /* SuperHeroCollectionViewCell.swift in Sources */ = {isa = PBXBuildFile; fileRef = 901ED1C225800A4B00E5F6A8 /* SuperHeroCollectionViewCell.swift */; };
		903F03D1257E143000DA7A6B /* SuperHeroesTabBarController.swift in Sources */ = {isa = PBXBuildFile; fileRef = 903F03D0257E143000DA7A6B /* SuperHeroesTabBarController.swift */; };
		903F03D4257E1D2C00DA7A6B /* TabBar.storyboard in Resources */ = {isa = PBXBuildFile; fileRef = 903F03D3257E1D2C00DA7A6B /* TabBar.storyboard */; };
		909BDC3E2581222F00F61A99 /* Cosmos in Frameworks */ = {isa = PBXBuildFile; productRef = 909BDC3D2581222F00F61A99 /* Cosmos */; };
		909F96BE25866E8700231784 /* UITableView+Extensions.swift in Sources */ = {isa = PBXBuildFile; fileRef = 909F96BD25866E8700231784 /* UITableView+Extensions.swift */; };
		90A239ED257E0486000DB167 /* Constants.swift in Sources */ = {isa = PBXBuildFile; fileRef = 90A239EC257E0486000DB167 /* Constants.swift */; };
		90A239F9257E10CA000DB167 /* DCSuperHeroesViewController.swift in Sources */ = {isa = PBXBuildFile; fileRef = 90A239F8257E10CA000DB167 /* DCSuperHeroesViewController.swift */; };
		90B4512025823E9000131027 /* PublisherTableViewController.swift in Sources */ = {isa = PBXBuildFile; fileRef = 90B4511F25823E9000131027 /* PublisherTableViewController.swift */; };
		90B451242582458C00131027 /* UICollectionView+Extensions.swift in Sources */ = {isa = PBXBuildFile; fileRef = 90B451232582458C00131027 /* UICollectionView+Extensions.swift */; };
		90B4512F258260A200131027 /* Agrume in Frameworks */ = {isa = PBXBuildFile; productRef = 90B4512E258260A200131027 /* Agrume */; };
		90BFFFB3257E457F0085F98F /* SuperHeroRepository.swift in Sources */ = {isa = PBXBuildFile; fileRef = 90BFFFB2257E457F0085F98F /* SuperHeroRepository.swift */; };
		90BFFFBC257E85740085F98F /* MarvelSuperHeroesViewController.swift in Sources */ = {isa = PBXBuildFile; fileRef = 90BFFFBB257E85740085F98F /* MarvelSuperHeroesViewController.swift */; };
		90BFFFC2257E88D70085F98F /* SuperHeroDetailViewController.swift in Sources */ = {isa = PBXBuildFile; fileRef = 90BFFFC1257E88D70085F98F /* SuperHeroDetailViewController.swift */; };
		90BFFFC5257E89000085F98F /* Detail.storyboard in Resources */ = {isa = PBXBuildFile; fileRef = 90BFFFC4257E89000085F98F /* Detail.storyboard */; };
		90BFFFC9257E8E030085F98F /* Kingfisher in Frameworks */ = {isa = PBXBuildFile; productRef = 90BFFFC8257E8E030085F98F /* Kingfisher */; };
		90BFFFCD257E90100085F98F /* SuperHeroTableViewCell.swift in Sources */ = {isa = PBXBuildFile; fileRef = 90BFFFCC257E90100085F98F /* SuperHeroTableViewCell.swift */; };
/* End PBXBuildFile section */

/* Begin PBXFileReference section */
		900C634A257D5C1F005841F4 /* Fundamentos_iOS_1.app */ = {isa = PBXFileReference; explicitFileType = wrapper.application; includeInIndex = 0; path = Fundamentos_iOS_1.app; sourceTree = BUILT_PRODUCTS_DIR; };
		900C634D257D5C1F005841F4 /* AppDelegate.swift */ = {isa = PBXFileReference; lastKnownFileType = sourcecode.swift; path = AppDelegate.swift; sourceTree = "<group>"; };
		900C634F257D5C1F005841F4 /* SceneDelegate.swift */ = {isa = PBXFileReference; lastKnownFileType = sourcecode.swift; path = SceneDelegate.swift; sourceTree = "<group>"; };
		900C6351257D5C1F005841F4 /* SplashViewController.swift */ = {isa = PBXFileReference; lastKnownFileType = sourcecode.swift; path = SplashViewController.swift; sourceTree = "<group>"; };
		900C6354257D5C1F005841F4 /* Base */ = {isa = PBXFileReference; lastKnownFileType = file.storyboard; name = Base; path = Base.lproj/Main.storyboard; sourceTree = "<group>"; };
		900C6359257D5C20005841F4 /* Base */ = {isa = PBXFileReference; lastKnownFileType = file.storyboard; name = Base; path = Base.lproj/LaunchScreen.storyboard; sourceTree = "<group>"; };
		900C635B257D5C20005841F4 /* Info.plist */ = {isa = PBXFileReference; lastKnownFileType = text.plist.xml; path = Info.plist; sourceTree = "<group>"; };
		900C6362257D5CC5005841F4 /* SuperHeroes.json */ = {isa = PBXFileReference; lastKnownFileType = text.json; path = SuperHeroes.json; sourceTree = "<group>"; };
		900C6365257D5D97005841F4 /* SuperHeroModel.swift */ = {isa = PBXFileReference; lastKnownFileType = sourcecode.swift; path = SuperHeroModel.swift; sourceTree = "<group>"; };
		900C637D257D735D005841F4 /* wallpaper-superheroes-marvel&dc.jpg */ = {isa = PBXFileReference; lastKnownFileType = image.jpeg; path = "wallpaper-superheroes-marvel&dc.jpg"; sourceTree = "<group>"; };
		900C6381257D74F6005841F4 /* Assets.xcassets */ = {isa = PBXFileReference; lastKnownFileType = folder.assetcatalog; path = Assets.xcassets; sourceTree = "<group>"; };
		901ED1BE2580089200E5F6A8 /* AllSuperHeroesViewController.swift */ = {isa = PBXFileReference; lastKnownFileType = sourcecode.swift; path = AllSuperHeroesViewController.swift; sourceTree = "<group>"; };
		901ED1C225800A4B00E5F6A8 /* SuperHeroCollectionViewCell.swift */ = {isa = PBXFileReference; lastKnownFileType = sourcecode.swift; path = SuperHeroCollectionViewCell.swift; sourceTree = "<group>"; };
		903F03D0257E143000DA7A6B /* SuperHeroesTabBarController.swift */ = {isa = PBXFileReference; lastKnownFileType = sourcecode.swift; path = SuperHeroesTabBarController.swift; sourceTree = "<group>"; };
		903F03D3257E1D2C00DA7A6B /* TabBar.storyboard */ = {isa = PBXFileReference; lastKnownFileType = file.storyboard; path = TabBar.storyboard; sourceTree = "<group>"; };
		909F96BD25866E8700231784 /* UITableView+Extensions.swift */ = {isa = PBXFileReference; fileEncoding = 4; lastKnownFileType = sourcecode.swift; path = "UITableView+Extensions.swift"; sourceTree = "<group>"; };
		90A239EC257E0486000DB167 /* Constants.swift */ = {isa = PBXFileReference; lastKnownFileType = sourcecode.swift; path = Constants.swift; sourceTree = "<group>"; };
		90A239F8257E10CA000DB167 /* DCSuperHeroesViewController.swift */ = {isa = PBXFileReference; lastKnownFileType = sourcecode.swift; path = DCSuperHeroesViewController.swift; sourceTree = "<group>"; };
		90B4511F25823E9000131027 /* PublisherTableViewController.swift */ = {isa = PBXFileReference; lastKnownFileType = sourcecode.swift; path = PublisherTableViewController.swift; sourceTree = "<group>"; };
		90B451232582458C00131027 /* UICollectionView+Extensions.swift */ = {isa = PBXFileReference; lastKnownFileType = sourcecode.swift; path = "UICollectionView+Extensions.swift"; sourceTree = "<group>"; };
		90BFFFB2257E457F0085F98F /* SuperHeroRepository.swift */ = {isa = PBXFileReference; lastKnownFileType = sourcecode.swift; path = SuperHeroRepository.swift; sourceTree = "<group>"; };
		90BFFFBB257E85740085F98F /* MarvelSuperHeroesViewController.swift */ = {isa = PBXFileReference; lastKnownFileType = sourcecode.swift; path = MarvelSuperHeroesViewController.swift; sourceTree = "<group>"; };
		90BFFFC1257E88D70085F98F /* SuperHeroDetailViewController.swift */ = {isa = PBXFileReference; lastKnownFileType = sourcecode.swift; path = SuperHeroDetailViewController.swift; sourceTree = "<group>"; };
		90BFFFC4257E89000085F98F /* Detail.storyboard */ = {isa = PBXFileReference; lastKnownFileType = file.storyboard; path = Detail.storyboard; sourceTree = "<group>"; };
		90BFFFCC257E90100085F98F /* SuperHeroTableViewCell.swift */ = {isa = PBXFileReference; lastKnownFileType = sourcecode.swift; path = SuperHeroTableViewCell.swift; sourceTree = "<group>"; };
/* End PBXFileReference section */

/* Begin PBXFrameworksBuildPhase section */
		900C6347257D5C1F005841F4 /* Frameworks */ = {
			isa = PBXFrameworksBuildPhase;
			buildActionMask = 2147483647;
			files = (
				90B4512F258260A200131027 /* Agrume in Frameworks */,
				909BDC3E2581222F00F61A99 /* Cosmos in Frameworks */,
				90BFFFC9257E8E030085F98F /* Kingfisher in Frameworks */,
			);
			runOnlyForDeploymentPostprocessing = 0;
		};
/* End PBXFrameworksBuildPhase section */

/* Begin PBXGroup section */
		900C6341257D5C1E005841F4 = {
			isa = PBXGroup;
			children = (
				900C634C257D5C1F005841F4 /* SuperHeroesApp */,
				900C634B257D5C1F005841F4 /* Products */,
			);
			sourceTree = "<group>";
		};
		900C634B257D5C1F005841F4 /* Products */ = {
			isa = PBXGroup;
			children = (
				900C634A257D5C1F005841F4 /* Fundamentos_iOS_1.app */,
			);
			name = Products;
			sourceTree = "<group>";
		};
		900C634C257D5C1F005841F4 /* SuperHeroesApp */ = {
			isa = PBXGroup;
			children = (
				900C636D257D61F7005841F4 /* SourceCode */,
				900C636E257D6203005841F4 /* Resources */,
			);
			path = SuperHeroesApp;
			sourceTree = "<group>";
		};
		900C636A257D6149005841F4 /* Models */ = {
			isa = PBXGroup;
			children = (
				90B451262582459700131027 /* Extensions */,
				90A239EC257E0486000DB167 /* Constants.swift */,
				900C6365257D5D97005841F4 /* SuperHeroModel.swift */,
				90BFFFB2257E457F0085F98F /* SuperHeroRepository.swift */,
			);
			path = Models;
			sourceTree = "<group>";
		};
		900C636B257D6150005841F4 /* Views */ = {
			isa = PBXGroup;
			children = (
				90A239F6257E1079000DB167 /* Storyboards */,
				90A239F7257E1083000DB167 /* Cells */,
			);
			path = Views;
			sourceTree = "<group>";
		};
		900C636C257D6168005841F4 /* Controllers */ = {
			isa = PBXGroup;
			children = (
				900C6351257D5C1F005841F4 /* SplashViewController.swift */,
				903F03D0257E143000DA7A6B /* SuperHeroesTabBarController.swift */,
				90BFFFBB257E85740085F98F /* MarvelSuperHeroesViewController.swift */,
				90A239F8257E10CA000DB167 /* DCSuperHeroesViewController.swift */,
				901ED1BE2580089200E5F6A8 /* AllSuperHeroesViewController.swift */,
				90BFFFC1257E88D70085F98F /* SuperHeroDetailViewController.swift */,
				90B4511F25823E9000131027 /* PublisherTableViewController.swift */,
			);
			path = Controllers;
			sourceTree = "<group>";
		};
		900C636D257D61F7005841F4 /* SourceCode */ = {
			isa = PBXGroup;
			children = (
				900C6373257D66C2005841F4 /* App */,
				900C636A257D6149005841F4 /* Models */,
				900C636B257D6150005841F4 /* Views */,
				900C636C257D6168005841F4 /* Controllers */,
			);
			path = SourceCode;
			sourceTree = "<group>";
		};
		900C636E257D6203005841F4 /* Resources */ = {
			isa = PBXGroup;
			children = (
				900C636F257D6231005841F4 /* Configurations */,
				90A239EF257E09B7000DB167 /* Images */,
				900C6370257D6240005841F4 /* Assets */,
				900C6371257D624C005841F4 /* Files */,
			);
			path = Resources;
			sourceTree = "<group>";
		};
		900C636F257D6231005841F4 /* Configurations */ = {
			isa = PBXGroup;
			children = (
				900C635B257D5C20005841F4 /* Info.plist */,
			);
			path = Configurations;
			sourceTree = "<group>";
		};
		900C6370257D6240005841F4 /* Assets */ = {
			isa = PBXGroup;
			children = (
				900C6381257D74F6005841F4 /* Assets.xcassets */,
			);
			path = Assets;
			sourceTree = "<group>";
		};
		900C6371257D624C005841F4 /* Files */ = {
			isa = PBXGroup;
			children = (
				900C6362257D5CC5005841F4 /* SuperHeroes.json */,
			);
			path = Files;
			sourceTree = "<group>";
		};
		900C6373257D66C2005841F4 /* App */ = {
			isa = PBXGroup;
			children = (
				900C634D257D5C1F005841F4 /* AppDelegate.swift */,
				900C634F257D5C1F005841F4 /* SceneDelegate.swift */,
			);
			path = App;
			sourceTree = "<group>";
		};
		90A239EF257E09B7000DB167 /* Images */ = {
			isa = PBXGroup;
			children = (
				900C637D257D735D005841F4 /* wallpaper-superheroes-marvel&dc.jpg */,
			);
			path = Images;
			sourceTree = "<group>";
		};
		90A239F6257E1079000DB167 /* Storyboards */ = {
			isa = PBXGroup;
			children = (
				900C6358257D5C20005841F4 /* LaunchScreen.storyboard */,
				900C6353257D5C1F005841F4 /* Main.storyboard */,
				903F03D3257E1D2C00DA7A6B /* TabBar.storyboard */,
				90BFFFC4257E89000085F98F /* Detail.storyboard */,
			);
			path = Storyboards;
			sourceTree = "<group>";
		};
		90A239F7257E1083000DB167 /* Cells */ = {
			isa = PBXGroup;
			children = (
				90BFFFCC257E90100085F98F /* SuperHeroTableViewCell.swift */,
				901ED1C225800A4B00E5F6A8 /* SuperHeroCollectionViewCell.swift */,
			);
			path = Cells;
			sourceTree = "<group>";
		};
		90B451262582459700131027 /* Extensions */ = {
			isa = PBXGroup;
			children = (
				90B451232582458C00131027 /* UICollectionView+Extensions.swift */,
				909F96BD25866E8700231784 /* UITableView+Extensions.swift */,
			);
			path = Extensions;
			sourceTree = "<group>";
		};
/* End PBXGroup section */

/* Begin PBXNativeTarget section */
		900C6349257D5C1F005841F4 /* Fundamentos_iOS_1 */ = {
			isa = PBXNativeTarget;
			buildConfigurationList = 900C635E257D5C20005841F4 /* Build configuration list for PBXNativeTarget "Fundamentos_iOS_1" */;
			buildPhases = (
				900C6346257D5C1F005841F4 /* Sources */,
				900C6347257D5C1F005841F4 /* Frameworks */,
				900C6348257D5C1F005841F4 /* Resources */,
			);
			buildRules = (
			);
			dependencies = (
			);
			name = Fundamentos_iOS_1;
			packageProductDependencies = (
				90BFFFC8257E8E030085F98F /* Kingfisher */,
				909BDC3D2581222F00F61A99 /* Cosmos */,
				90B4512E258260A200131027 /* Agrume */,
			);
			productName = Fundamentos_iOS_1;
			productReference = 900C634A257D5C1F005841F4 /* Fundamentos_iOS_1.app */;
			productType = "com.apple.product-type.application";
		};
/* End PBXNativeTarget section */

/* Begin PBXProject section */
		900C6342257D5C1E005841F4 /* Project object */ = {
			isa = PBXProject;
			attributes = {
				LastSwiftUpdateCheck = 1220;
				LastUpgradeCheck = 1220;
				TargetAttributes = {
					900C6349257D5C1F005841F4 = {
						CreatedOnToolsVersion = 12.2;
					};
				};
			};
			buildConfigurationList = 900C6345257D5C1E005841F4 /* Build configuration list for PBXProject "Fundamentos_iOS_1" */;
			compatibilityVersion = "Xcode 9.3";
			developmentRegion = en;
			hasScannedForEncodings = 0;
			knownRegions = (
				en,
				Base,
			);
			mainGroup = 900C6341257D5C1E005841F4;
			packageReferences = (
				90BFFFC7257E8E030085F98F /* XCRemoteSwiftPackageReference "Kingfisher" */,
				909BDC3C2581222F00F61A99 /* XCRemoteSwiftPackageReference "Cosmos" */,
				90B4512D258260A200131027 /* XCRemoteSwiftPackageReference "Agrume" */,
			);
			productRefGroup = 900C634B257D5C1F005841F4 /* Products */;
			projectDirPath = "";
			projectRoot = "";
			targets = (
				900C6349257D5C1F005841F4 /* Fundamentos_iOS_1 */,
			);
		};
/* End PBXProject section */

/* Begin PBXResourcesBuildPhase section */
		900C6348257D5C1F005841F4 /* Resources */ = {
			isa = PBXResourcesBuildPhase;
			buildActionMask = 2147483647;
			files = (
				900C637E257D735D005841F4 /* wallpaper-superheroes-marvel&dc.jpg in Resources */,
				900C635A257D5C20005841F4 /* LaunchScreen.storyboard in Resources */,
				900C6363257D5CC5005841F4 /* SuperHeroes.json in Resources */,
				900C6355257D5C1F005841F4 /* Main.storyboard in Resources */,
				90BFFFC5257E89000085F98F /* Detail.storyboard in Resources */,
				903F03D4257E1D2C00DA7A6B /* TabBar.storyboard in Resources */,
				900C6382257D74F6005841F4 /* Assets.xcassets in Resources */,
			);
			runOnlyForDeploymentPostprocessing = 0;
		};
/* End PBXResourcesBuildPhase section */

/* Begin PBXSourcesBuildPhase section */
		900C6346257D5C1F005841F4 /* Sources */ = {
			isa = PBXSourcesBuildPhase;
			buildActionMask = 2147483647;
			files = (
				90B4512025823E9000131027 /* PublisherTableViewController.swift in Sources */,
				90BFFFBC257E85740085F98F /* MarvelSuperHeroesViewController.swift in Sources */,
				90B451242582458C00131027 /* UICollectionView+Extensions.swift in Sources */,
				909F96BE25866E8700231784 /* UITableView+Extensions.swift in Sources */,
				903F03D1257E143000DA7A6B /* SuperHeroesTabBarController.swift in Sources */,
				90BFFFB3257E457F0085F98F /* SuperHeroRepository.swift in Sources */,
				90A239F9257E10CA000DB167 /* DCSuperHeroesViewController.swift in Sources */,
				901ED1C325800A4B00E5F6A8 /* SuperHeroCollectionViewCell.swift in Sources */,
				90A239ED257E0486000DB167 /* Constants.swift in Sources */,
				90BFFFC2257E88D70085F98F /* SuperHeroDetailViewController.swift in Sources */,
				90BFFFCD257E90100085F98F /* SuperHeroTableViewCell.swift in Sources */,
				900C6352257D5C1F005841F4 /* SplashViewController.swift in Sources */,
				900C6366257D5D97005841F4 /* SuperHeroModel.swift in Sources */,
				900C634E257D5C1F005841F4 /* AppDelegate.swift in Sources */,
				901ED1BF2580089200E5F6A8 /* AllSuperHeroesViewController.swift in Sources */,
				900C6350257D5C1F005841F4 /* SceneDelegate.swift in Sources */,
			);
			runOnlyForDeploymentPostprocessing = 0;
		};
/* End PBXSourcesBuildPhase section */

/* Begin PBXVariantGroup section */
		900C6353257D5C1F005841F4 /* Main.storyboard */ = {
			isa = PBXVariantGroup;
			children = (
				900C6354257D5C1F005841F4 /* Base */,
			);
			name = Main.storyboard;
			sourceTree = "<group>";
		};
		900C6358257D5C20005841F4 /* LaunchScreen.storyboard */ = {
			isa = PBXVariantGroup;
			children = (
				900C6359257D5C20005841F4 /* Base */,
			);
			name = LaunchScreen.storyboard;
			sourceTree = "<group>";
		};
/* End PBXVariantGroup section */

/* Begin XCBuildConfiguration section */
		900C635C257D5C20005841F4 /* Debug */ = {
			isa = XCBuildConfiguration;
			buildSettings = {
				ALWAYS_SEARCH_USER_PATHS = NO;
				CLANG_ANALYZER_NONNULL = YES;
				CLANG_ANALYZER_NUMBER_OBJECT_CONVERSION = YES_AGGRESSIVE;
				CLANG_CXX_LANGUAGE_STANDARD = "gnu++14";
				CLANG_CXX_LIBRARY = "libc++";
				CLANG_ENABLE_MODULES = YES;
				CLANG_ENABLE_OBJC_ARC = YES;
				CLANG_ENABLE_OBJC_WEAK = YES;
				CLANG_WARN_BLOCK_CAPTURE_AUTORELEASING = YES;
				CLANG_WARN_BOOL_CONVERSION = YES;
				CLANG_WARN_COMMA = YES;
				CLANG_WARN_CONSTANT_CONVERSION = YES;
				CLANG_WARN_DEPRECATED_OBJC_IMPLEMENTATIONS = YES;
				CLANG_WARN_DIRECT_OBJC_ISA_USAGE = YES_ERROR;
				CLANG_WARN_DOCUMENTATION_COMMENTS = YES;
				CLANG_WARN_EMPTY_BODY = YES;
				CLANG_WARN_ENUM_CONVERSION = YES;
				CLANG_WARN_INFINITE_RECURSION = YES;
				CLANG_WARN_INT_CONVERSION = YES;
				CLANG_WARN_NON_LITERAL_NULL_CONVERSION = YES;
				CLANG_WARN_OBJC_IMPLICIT_RETAIN_SELF = YES;
				CLANG_WARN_OBJC_LITERAL_CONVERSION = YES;
				CLANG_WARN_OBJC_ROOT_CLASS = YES_ERROR;
				CLANG_WARN_QUOTED_INCLUDE_IN_FRAMEWORK_HEADER = YES;
				CLANG_WARN_RANGE_LOOP_ANALYSIS = YES;
				CLANG_WARN_STRICT_PROTOTYPES = YES;
				CLANG_WARN_SUSPICIOUS_MOVE = YES;
				CLANG_WARN_UNGUARDED_AVAILABILITY = YES_AGGRESSIVE;
				CLANG_WARN_UNREACHABLE_CODE = YES;
				CLANG_WARN__DUPLICATE_METHOD_MATCH = YES;
				COPY_PHASE_STRIP = NO;
				DEBUG_INFORMATION_FORMAT = dwarf;
				ENABLE_STRICT_OBJC_MSGSEND = YES;
				ENABLE_TESTABILITY = YES;
				GCC_C_LANGUAGE_STANDARD = gnu11;
				GCC_DYNAMIC_NO_PIC = NO;
				GCC_NO_COMMON_BLOCKS = YES;
				GCC_OPTIMIZATION_LEVEL = 0;
				GCC_PREPROCESSOR_DEFINITIONS = (
					"DEBUG=1",
					"$(inherited)",
				);
				GCC_WARN_64_TO_32_BIT_CONVERSION = YES;
				GCC_WARN_ABOUT_RETURN_TYPE = YES_ERROR;
				GCC_WARN_UNDECLARED_SELECTOR = YES;
				GCC_WARN_UNINITIALIZED_AUTOS = YES_AGGRESSIVE;
				GCC_WARN_UNUSED_FUNCTION = YES;
				GCC_WARN_UNUSED_VARIABLE = YES;
				IPHONEOS_DEPLOYMENT_TARGET = 14.2;
				MTL_ENABLE_DEBUG_INFO = INCLUDE_SOURCE;
				MTL_FAST_MATH = YES;
				ONLY_ACTIVE_ARCH = YES;
				SDKROOT = iphoneos;
				SWIFT_ACTIVE_COMPILATION_CONDITIONS = DEBUG;
				SWIFT_OPTIMIZATION_LEVEL = "-Onone";
			};
			name = Debug;
		};
		900C635D257D5C20005841F4 /* Release */ = {
			isa = XCBuildConfiguration;
			buildSettings = {
				ALWAYS_SEARCH_USER_PATHS = NO;
				CLANG_ANALYZER_NONNULL = YES;
				CLANG_ANALYZER_NUMBER_OBJECT_CONVERSION = YES_AGGRESSIVE;
				CLANG_CXX_LANGUAGE_STANDARD = "gnu++14";
				CLANG_CXX_LIBRARY = "libc++";
				CLANG_ENABLE_MODULES = YES;
				CLANG_ENABLE_OBJC_ARC = YES;
				CLANG_ENABLE_OBJC_WEAK = YES;
				CLANG_WARN_BLOCK_CAPTURE_AUTORELEASING = YES;
				CLANG_WARN_BOOL_CONVERSION = YES;
				CLANG_WARN_COMMA = YES;
				CLANG_WARN_CONSTANT_CONVERSION = YES;
				CLANG_WARN_DEPRECATED_OBJC_IMPLEMENTATIONS = YES;
				CLANG_WARN_DIRECT_OBJC_ISA_USAGE = YES_ERROR;
				CLANG_WARN_DOCUMENTATION_COMMENTS = YES;
				CLANG_WARN_EMPTY_BODY = YES;
				CLANG_WARN_ENUM_CONVERSION = YES;
				CLANG_WARN_INFINITE_RECURSION = YES;
				CLANG_WARN_INT_CONVERSION = YES;
				CLANG_WARN_NON_LITERAL_NULL_CONVERSION = YES;
				CLANG_WARN_OBJC_IMPLICIT_RETAIN_SELF = YES;
				CLANG_WARN_OBJC_LITERAL_CONVERSION = YES;
				CLANG_WARN_OBJC_ROOT_CLASS = YES_ERROR;
				CLANG_WARN_QUOTED_INCLUDE_IN_FRAMEWORK_HEADER = YES;
				CLANG_WARN_RANGE_LOOP_ANALYSIS = YES;
				CLANG_WARN_STRICT_PROTOTYPES = YES;
				CLANG_WARN_SUSPICIOUS_MOVE = YES;
				CLANG_WARN_UNGUARDED_AVAILABILITY = YES_AGGRESSIVE;
				CLANG_WARN_UNREACHABLE_CODE = YES;
				CLANG_WARN__DUPLICATE_METHOD_MATCH = YES;
				COPY_PHASE_STRIP = NO;
				DEBUG_INFORMATION_FORMAT = "dwarf-with-dsym";
				ENABLE_NS_ASSERTIONS = NO;
				ENABLE_STRICT_OBJC_MSGSEND = YES;
				GCC_C_LANGUAGE_STANDARD = gnu11;
				GCC_NO_COMMON_BLOCKS = YES;
				GCC_WARN_64_TO_32_BIT_CONVERSION = YES;
				GCC_WARN_ABOUT_RETURN_TYPE = YES_ERROR;
				GCC_WARN_UNDECLARED_SELECTOR = YES;
				GCC_WARN_UNINITIALIZED_AUTOS = YES_AGGRESSIVE;
				GCC_WARN_UNUSED_FUNCTION = YES;
				GCC_WARN_UNUSED_VARIABLE = YES;
				IPHONEOS_DEPLOYMENT_TARGET = 14.2;
				MTL_ENABLE_DEBUG_INFO = NO;
				MTL_FAST_MATH = YES;
				SDKROOT = iphoneos;
				SWIFT_COMPILATION_MODE = wholemodule;
				SWIFT_OPTIMIZATION_LEVEL = "-O";
				VALIDATE_PRODUCT = YES;
			};
			name = Release;
		};
		900C635F257D5C20005841F4 /* Debug */ = {
			isa = XCBuildConfiguration;
			buildSettings = {
				ASSETCATALOG_COMPILER_APPICON_NAME = AppIcon;
				ASSETCATALOG_COMPILER_GLOBAL_ACCENT_COLOR_NAME = AccentColor;
				CODE_SIGN_STYLE = Automatic;
				DEVELOPMENT_TEAM = "";
				INFOPLIST_FILE = SuperHeroesApp/Resources/Configurations/Info.plist;
				IPHONEOS_DEPLOYMENT_TARGET = 13.6;
				LD_RUNPATH_SEARCH_PATHS = (
					"$(inherited)",
					"@executable_path/Frameworks",
				);
				PRODUCT_BUNDLE_IDENTIFIER = "com.jsmdev.bootcamp.mobile.Fundamentos-iOS-1";
				PRODUCT_NAME = "$(TARGET_NAME)";
				SWIFT_VERSION = 5.0;
				TARGETED_DEVICE_FAMILY = 1;
			};
			name = Debug;
		};
		900C6360257D5C20005841F4 /* Release */ = {
			isa = XCBuildConfiguration;
			buildSettings = {
				ASSETCATALOG_COMPILER_APPICON_NAME = AppIcon;
				ASSETCATALOG_COMPILER_GLOBAL_ACCENT_COLOR_NAME = AccentColor;
				CODE_SIGN_STYLE = Automatic;
				DEVELOPMENT_TEAM = "";
				INFOPLIST_FILE = SuperHeroesApp/Resources/Configurations/Info.plist;
				IPHONEOS_DEPLOYMENT_TARGET = 13.6;
				LD_RUNPATH_SEARCH_PATHS = (
					"$(inherited)",
					"@executable_path/Frameworks",
				);
				PRODUCT_BUNDLE_IDENTIFIER = "com.jsmdev.bootcamp.mobile.Fundamentos-iOS-1";
				PRODUCT_NAME = "$(TARGET_NAME)";
				SWIFT_VERSION = 5.0;
				TARGETED_DEVICE_FAMILY = 1;
			};
			name = Release;
		};
/* End XCBuildConfiguration section */

/* Begin XCConfigurationList section */
		900C6345257D5C1E005841F4 /* Build configuration list for PBXProject "Fundamentos_iOS_1" */ = {
			isa = XCConfigurationList;
			buildConfigurations = (
				900C635C257D5C20005841F4 /* Debug */,
				900C635D257D5C20005841F4 /* Release */,
			);
			defaultConfigurationIsVisible = 0;
			defaultConfigurationName = Release;
		};
		900C635E257D5C20005841F4 /* Build configuration list for PBXNativeTarget "Fundamentos_iOS_1" */ = {
			isa = XCConfigurationList;
			buildConfigurations = (
				900C635F257D5C20005841F4 /* Debug */,
				900C6360257D5C20005841F4 /* Release */,
			);
			defaultConfigurationIsVisible = 0;
			defaultConfigurationName = Release;
		};
/* End XCConfigurationList section */

/* Begin XCRemoteSwiftPackageReference section */
		909BDC3C2581222F00F61A99 /* XCRemoteSwiftPackageReference "Cosmos" */ = {
			isa = XCRemoteSwiftPackageReference;
			repositoryURL = "https://github.com/evgenyneu/Cosmos.git";
			requirement = {
				kind = exactVersion;
				version = 23.0.0;
			};
		};
		90B4512D258260A200131027 /* XCRemoteSwiftPackageReference "Agrume" */ = {
			isa = XCRemoteSwiftPackageReference;
			repositoryURL = "https://github.com/JanGorman/Agrume.git";
			requirement = {
				kind = exactVersion;
				version = 5.6.11;
			};
		};
		90BFFFC7257E8E030085F98F /* XCRemoteSwiftPackageReference "Kingfisher" */ = {
			isa = XCRemoteSwiftPackageReference;
			repositoryURL = "https://github.com/onevcat/Kingfisher";
			requirement = {
				kind = exactVersion;
				version = 5.15.8;
			};
		};
/* End XCRemoteSwiftPackageReference section */

/* Begin XCSwiftPackageProductDependency section */
		909BDC3D2581222F00F61A99 /* Cosmos */ = {
			isa = XCSwiftPackageProductDependency;
			package = 909BDC3C2581222F00F61A99 /* XCRemoteSwiftPackageReference "Cosmos" */;
			productName = Cosmos;
		};
		90B4512E258260A200131027 /* Agrume */ = {
			isa = XCSwiftPackageProductDependency;
			package = 90B4512D258260A200131027 /* XCRemoteSwiftPackageReference "Agrume" */;
			productName = Agrume;
		};
		90BFFFC8257E8E030085F98F /* Kingfisher */ = {
			isa = XCSwiftPackageProductDependency;
			package = 90BFFFC7257E8E030085F98F /* XCRemoteSwiftPackageReference "Kingfisher" */;
			productName = Kingfisher;
		};
/* End XCSwiftPackageProductDependency section */
	};
	rootObject = 900C6342257D5C1E005841F4 /* Project object */;
}
